
Microsoft Visual Studio Solution File, Format Version 12.00
# Visual Studio Version 17
VisualStudioVersion = 17.5.33530.505
MinimumVisualStudioVersion = 10.0.40219.1
Project("{FAE04EC0-301F-11D3-BF4B-00C04F79EFBC}") = "CrucibleBlog", "CrucibleBlog.csproj", "{9EAB8579-BF5C-4502-952B-E2C02A9871F2}"
EndProject
Global
	GlobalSection(SolutionConfigurationPlatforms) = preSolution
		Debug|Any CPU = Debug|Any CPU
		Release|Any CPU = Release|Any CPU
	EndGlobalSection
	GlobalSection(ProjectConfigurationPlatforms) = postSolution
		{9EAB8579-BF5C-4502-952B-E2C02A9871F2}.Debug|Any CPU.ActiveCfg = Debug|Any CPU
		{9EAB8579-BF5C-4502-952B-E2C02A9871F2}.Debug|Any CPU.Build.0 = Debug|Any CPU
		{9EAB8579-BF5C-4502-952B-E2C02A9871F2}.Release|Any CPU.ActiveCfg = Release|Any CPU
		{9EAB8579-BF5C-4502-952B-E2C02A9871F2}.Release|Any CPU.Build.0 = Release|Any CPU
	EndGlobalSection
	GlobalSection(SolutionProperties) = preSolution
		HideSolutionNode = FALSE
	EndGlobalSection
	GlobalSection(ExtensibilityGlobals) = postSolution
		SolutionGuid = {5D9ECEEF-5162-497E-A8F0-F5E707C6C721}
	EndGlobalSection
EndGlobal
